PODS:
  - FlutterMacOS (1.0.0)
  - r_get_ip (0.0.1):
    - FlutterMacOS

DEPENDENCIES:
  - FlutterMacOS (from `Flutter/ephemeral`)
  - r_get_ip (from `Flutter/ephemeral/.symlinks/plugins/r_get_ip/macos`)

EXTERNAL SOURCES:
  FlutterMacOS:
    :path: Flutter/ephemeral
  r_get_ip:
    :path: Flutter/ephemeral/.symlinks/plugins/r_get_ip/macos

SPEC CHECKSUMS:
  FlutterMacOS: 8f6f14fa908a6fb3fba0cd85dbd81ec4b251fb24
  r_get_ip: 6359e31b5cf2d9122e6da33bcd1ddb80e4f5cc25

PODFILE CHECKSUM: 353c8bcc5d5b0994e508d035b5431cfe18c1dea7

COCOAPODS: 1.12.1
